
Microsoft Visual Studio Solution File, Format Version 12.00
# Visual Studio Version 17
VisualStudioVersion = 17.0.31912.275
MinimumVisualStudioVersion = 10.0.40219.1
Project("{2150E333-8FDC-42A3-9474-1A3956D46DE8}") = "src", "src", "{833F56DF-15C2-4B0E-89EF-5A1D43E9612D}"
EndProject
Project("{2150E333-8FDC-42A3-9474-1A3956D46DE8}") = "examples", "examples", "{99935AFF-8466-409C-87C4-5A66F6B7C1D5}"
EndProject
Project("{9A19103F-16F7-4668-BE54-9A1E7A4F7556}") = "GraphClientExample", "GraphClientExample\GraphClientExample.csproj", "{E5EE94FA-0D1B-4F45-B6FA-9CAFCA28F4B3}"
EndProject
Project("{9A19103F-16F7-4668-BE54-9A1E7A4F7556}") = "NebulaNet", "NebulaNet\NebulaNet.csproj", "{8DD952EA-5097-46B7-AE07-2B24DF7302EC}"
EndProject
Global
	GlobalSection(SolutionConfigurationPlatforms) = preSolution
		Debug|Any CPU = Debug|Any CPU
		Release|Any CPU = Release|Any CPU
	EndGlobalSection
	GlobalSection(ProjectConfigurationPlatforms) = postSolution
		{E5EE94FA-0D1B-4F45-B6FA-9CAFCA28F4B3}.Debug|Any CPU.ActiveCfg = Debug|Any CPU
		{E5EE94FA-0D1B-4F45-B6FA-9CAFCA28F4B3}.Debug|Any CPU.Build.0 = Debug|Any CPU
		{E5EE94FA-0D1B-4F45-B6FA-9CAFCA28F4B3}.Release|Any CPU.ActiveCfg = Release|Any CPU
		{E5EE94FA-0D1B-4F45-B6FA-9CAFCA28F4B3}.Release|Any CPU.Build.0 = Release|Any CPU
		{8DD952EA-5097-46B7-AE07-2B24DF7302EC}.Debug|Any CPU.ActiveCfg = Debug|Any CPU
		{8DD952EA-5097-46B7-AE07-2B24DF7302EC}.Debug|Any CPU.Build.0 = Debug|Any CPU
		{8DD952EA-5097-46B7-AE07-2B24DF7302EC}.Release|Any CPU.ActiveCfg = Release|Any CPU
		{8DD952EA-5097-46B7-AE07-2B24DF7302EC}.Release|Any CPU.Build.0 = Release|Any CPU
	EndGlobalSection
	GlobalSection(SolutionProperties) = preSolution
		HideSolutionNode = FALSE
	EndGlobalSection
	GlobalSection(NestedProjects) = preSolution
		{E5EE94FA-0D1B-4F45-B6FA-9CAFCA28F4B3} = {99935AFF-8466-409C-87C4-5A66F6B7C1D5}
		{8DD952EA-5097-46B7-AE07-2B24DF7302EC} = {833F56DF-15C2-4B0E-89EF-5A1D43E9612D}
	EndGlobalSection
	GlobalSection(ExtensibilityGlobals) = postSolution
		SolutionGuid = {17C8FCD6-BDD0-44F6-8023-9FB945F6DE15}
	EndGlobalSection
EndGlobal
